
Microsoft Visual Studio Solution File, Format Version 12.00
# Visual Studio 2013
VisualStudioVersion = 12.0.31101.0
MinimumVisualStudioVersion = 10.0.40219.1
Project("{FAE04EC0-301F-11D3-BF4B-00C04F79EFBC}") = "Calculator", "Calculator\Calculator.csproj", "{72108A88-0AC2-45B3-9434-3AAF62710C22}"
EndProject
Project("{FAE04EC0-301F-11D3-BF4B-00C04F79EFBC}") = "Calculator.SpecFlowTests", "Calculator.SpecFlowTests\Calculator.SpecFlowTests.csproj", "{5C376AFF-17FD-42BF-95E9-A0FCEBBC610E}"
EndProject
Global
	GlobalSection(SolutionConfigurationPlatforms) = preSolution
		Debug|Any CPU = Debug|Any CPU
		Release|Any CPU = Release|Any CPU
	EndGlobalSection
	GlobalSection(ProjectConfigurationPlatforms) = postSolution
		{72108A88-0AC2-45B3-9434-3AAF62710C22}.Debug|Any CPU.ActiveCfg = Debug|Any CPU
		{72108A88-0AC2-45B3-9434-3AAF62710C22}.Debug|Any CPU.Build.0 = Debug|Any CPU
		{72108A88-0AC2-45B3-9434-3AAF62710C22}.Release|Any CPU.ActiveCfg = Release|Any CPU
		{72108A88-0AC2-45B3-9434-3AAF62710C22}.Release|Any CPU.Build.0 = Release|Any CPU
		{5C376AFF-17FD-42BF-95E9-A0FCEBBC610E}.Debug|Any CPU.ActiveCfg = Debug|Any CPU
		{5C376AFF-17FD-42BF-95E9-A0FCEBBC610E}.Debug|Any CPU.Build.0 = Debug|Any CPU
		{5C376AFF-17FD-42BF-95E9-A0FCEBBC610E}.Release|Any CPU.ActiveCfg = Release|Any CPU
		{5C376AFF-17FD-42BF-95E9-A0FCEBBC610E}.Release|Any CPU.Build.0 = Release|Any CPU
	EndGlobalSection
	GlobalSection(SolutionProperties) = preSolution
		HideSolutionNode = FALSE
	EndGlobalSection
EndGlobal
